[[package]]
name = "avro"
version = "1.10.0"
description = "Avro is a serialization and RPC framework."
category = "main"
optional = false
python-versions = ">=2.7"

[package.extras]
snappy = ["python-snappy"]
zstandard = ["zstandard"]

[[package]]
name = "certifi"
version = "2022.6.15"
description = "Python package for providing Mozilla's CA Bundle."
category = "main"
optional = false
python-versions = ">=3.6"

[[package]]
name = "charset-normalizer"
version = "2.1.0"
description = "The Real First Universal Charset Detector. Open, modern and actively maintained alternative to Chardet."
category = "main"
optional = false
python-versions = ">=3.6.0"

[package.extras]
unicode_backport = ["unicodedata2"]

[[package]]
name = "confluent-kafka"
version = "1.9.2"
description = "Confluent's Python client for Apache Kafka"
category = "main"
optional = false
python-versions = "*"

[package.dependencies]
avro = {version = "1.10.0", optional = true, markers = "extra == \"avro\""}
fastavro = {version = ">=1.0", optional = true, markers = "python_version > \"3.0\" and extra == \"avro\""}
requests = {version = "*", optional = true, markers = "extra == \"avro\""}

[package.extras]
schema-registry = ["requests"]
protobuf = ["requests", "protobuf"]
json = ["pyrsistent", "pyrsistent (==0.16.1)", "requests", "jsonschema"]
doc = ["fastavro (>=1.0)", "fastavro (>=0.23.0,<1.0)", "requests", "avro (==1.10.0)", "sphinx-rtd-theme", "sphinx"]
dev = ["pytest", "fastavro (>=1.0)", "fastavro (>=0.23.0,<1.0)", "pytest (==4.6.4)", "requests", "avro (==1.10.0)", "flake8", "pytest-timeout"]
avro = ["fastavro (>=1.0)", "fastavro (>=0.23.0,<1.0)", "requests", "avro (==1.10.0)"]

[[package]]
name = "fastavro"
version = "1.5.4"
description = "Fast read/write of AVRO files"
category = "main"
optional = false
python-versions = ">=3.7"

[package.extras]
codecs = ["python-snappy", "zstandard", "lz4"]
lz4 = ["lz4"]
snappy = ["python-snappy"]
zstandard = ["zstandard"]

[[package]]
name = "idna"
version = "3.3"
description = "Internationalized Domain Names in Applications (IDNA)"
category = "main"
optional = false
python-versions = ">=3.5"

[[package]]
name = "python-dotenv"
version = "0.20.0"
description = "Read key-value pairs from a .env file and set them as environment variables"
category = "main"
optional = false
python-versions = ">=3.5"

[package.extras]
cli = ["click (>=5.0)"]

[[package]]
name = "requests"
version = "2.28.1"
description = "Python HTTP for Humans."
category = "main"
optional = false
python-versions = ">=3.7, <4"

[package.dependencies]
certifi = ">=2017.4.17"
charset-normalizer = ">=2,<3"
idna = ">=2.5,<4"
urllib3 = ">=1.21.1,<1.27"

[package.extras]
use_chardet_on_py3 = ["chardet (>=3.0.2,<6)"]
socks = ["PySocks (>=1.5.6,!=1.5.7)"]

[[package]]
name = "urllib3"
version = "1.26.11"
description = "HTTP library with thread-safe connection pooling, file post, and more."
category = "main"
optional = false
python-versions = ">=2.7, !=3.0.*, !=3.1.*, !=3.2.*, !=3.3.*, !=3.4.*, !=3.5.*, <4"

[package.extras]
socks = ["PySocks (>=1.5.6,!=1.5.7,<2.0)"]
secure = ["ipaddress", "certifi", "idna (>=2.0.0)", "cryptography (>=1.3.4)", "pyOpenSSL (>=0.14)"]
brotli = ["brotlipy (>=0.6.0)", "brotli (>=1.0.9)", "brotlicffi (>=0.8.0)"]

[metadata]
lock-version = "1.1"
python-versions = "^3.9"
content-hash = "c3b5f70e9d4c36b7bb1d749491e8faf9b0425b7f9eb4322673f14c689d64cfb8"

[metadata.files]
avro = [
    {file = "avro-1.10.0.tar.gz", hash = "sha256:bbf9f89fd20b4cf3156f10ec9fbce83579ece3e0403546c305957f9dac0d2f03"},
]
certifi = [
    {file = "certifi-2022.6.15-py3-none-any.whl", hash = "sha256:fe86415d55e84719d75f8b69414f6438ac3547d2078ab91b67e779ef69378412"},
    {file = "certifi-2022.6.15.tar.gz", hash = "sha256:84c85a9078b11105f04f3036a9482ae10e4621616db313fe045dd24743a0820d"},
]
charset-normalizer = [
    {file = "charset-normalizer-2.1.0.tar.gz", hash = "sha256:575e708016ff3a5e3681541cb9d79312c416835686d054a23accb873b254f413"},
    {file = "charset_normalizer-2.1.0-py3-none-any.whl", hash = "sha256:5189b6f22b01957427f35b6a08d9a0bc45b46d3788ef5a92e978433c7a35f8a5"},
]
confluent-kafka = [
    {file = "confluent-kafka-1.9.2.tar.gz", hash = "sha256:2fb97bd25d436bd59fe079885aa77a3a2f23cface9c6359d4700053665849262"},
    {file = "confluent_kafka-1.9.2-cp310-cp310-macosx_10_9_x86_64.whl", hash = "sha256:ff08b9f978f8b37f2961614a68f9fdb4fabd10cdd940234e80200806d93a1c30"},
    {file = "confluent_kafka-1.9.2-cp310-cp310-macosx_11_0_arm64.whl", hash = "sha256:4d6bfcc352cd608fcf325037b4425c0edaeae0c6a5439423a865110b59f897e9"},
    {file = "confluent_kafka-1.9.2-cp310-cp310-manylinux_2_17_x86_64.manylinux2014_x86_64.whl", hash = "sha256:f970a2c6d22c934ea68d645abcc96056ecb107489f28a38b2171f65655b7e41f"},
    {file = "confluent_kafka-1.9.2-cp310-cp310-win32.whl", hash = "sha256:e9107767cc9240cbf9b5c0fdded5eeead86a1690d1c15de6cbbdcc9d7e3b1962"},
    {file = "confluent_kafka-1.9.2-cp310-cp310-win_amd64.whl", hash = "sha256:24872e3e427b16f77461ae7e6cf48f9c5c03c06884ac51bad179580a4dd29145"},
    {file = "confluent_kafka-1.9.2-cp36-cp36m-macosx_10_9_x86_64.whl", hash = "sha256:be7b37020f614017d8a047565b3fb61ceef9c30a9ee093f9373d06a4c32068ae"},
    {file = "confluent_kafka-1.9.2-cp36-cp36m-manylinux_2_17_x86_64.manylinux2014_x86_64.whl", hash = "sha256:7e6592533b3f8cfbc086ea2d472058f10e5f6a04a388edca01773285c63284b4"},
    {file = "confluent_kafka-1.9.2-cp36-cp36m-win32.whl", hash = "sha256:344a7fec57d3348002392a7bd5cf66fb9dbe4a103e81636037cccd6fff944e28"},
    {file = "confluent_kafka-1.9.2-cp36-cp36m-win_amd64.whl", hash = "sha256:5b24587b30a4d288a7b1c5cc756ee707fc1293fa28454f8db40267ed9d7e73c8"},
    {file = "confluent_kafka-1.9.2-cp37-cp37m-macosx_10_9_x86_64.whl", hash = "sha256:d0cbf8e7510497afd651e134bccb9d579aa90234e45734046fcb6b752d2ee312"},
    {file = "confluent_kafka-1.9.2-cp37-cp37m-manylinux_2_17_x86_64.manylinux2014_x86_64.whl", hash = "sha256:d036bf5e1d7cb3743125d7caf62b1a23b12e403de240144b6117ddbb8f815a33"},
    {file = "confluent_kafka-1.9.2-cp37-cp37m-win32.whl", hash = "sha256:6ab745babc33a864e3ca3a2659c005ed52503e39936fff5812eeb21920009c8b"},
    {file = "confluent_kafka-1.9.2-cp37-cp37m-win_amd64.whl", hash = "sha256:3207c76d1510571cbda85560c293dec5f8d6645103b3f471abab5c83e51a7ccd"},
    {file = "confluent_kafka-1.9.2-cp38-cp38-macosx_10_9_x86_64.whl", hash = "sha256:bef263b6d78a3e63399e1b82cc07cbb30af762884df96a369cba0e1011405344"},
    {file = "confluent_kafka-1.9.2-cp38-cp38-macosx_11_0_arm64.whl", hash = "sha256:382739e499deaf488459c2307ebcc0e9b3653340801d6053c207c84ad710ee8d"},
    {file = "confluent_kafka-1.9.2-cp38-cp38-manylinux_2_17_x86_64.manylinux2014_x86_64.whl", hash = "sha256:ff4d1557b7fb72e752c36205a344863b8f4f23b3a834780fc36eb7ebde614de7"},
    {file = "confluent_kafka-1.9.2-cp38-cp38-win32.whl", hash = "sha256:c4b7c4d0b647952d2b506948131d6e7e1c42ccb16aac8e3e52369c16b94e7215"},
    {file = "confluent_kafka-1.9.2-cp38-cp38-win_amd64.whl", hash = "sha256:d533ea0e527122f177943ee35eb356b8d9f7af35fe357e0cdc0514d95804aaea"},
    {file = "confluent_kafka-1.9.2-cp39-cp39-macosx_10_9_x86_64.whl", hash = "sha256:4f27ddf7daf630a95e1d7dfddd0c8cf8a7755c9567dc9851bf2e74c22f34af42"},
    {file = "confluent_kafka-1.9.2-cp39-cp39-macosx_11_0_arm64.whl", hash = "sha256:e41b9313c44f54a3cd29b0e95fa32a8e685edaa9287b338f59530b21ebc0b453"},
    {file = "confluent_kafka-1.9.2-cp39-cp39-manylinux_2_17_x86_64.manylinux2014_x86_64.whl", hash = "sha256:fe31b3b6930d67380df371f5088950f93da5fac580cde3bedb35f992b2498e1b"},
    {file = "confluent_kafka-1.9.2-cp39-cp39-win32.whl", hash = "sha256:b9ad6ad9d58c2735129f94f044b2236d7de87d77a101c8c630363add12d62a4a"},
    {file = "confluent_kafka-1.9.2-cp39-cp39-win_amd64.whl", hash = "sha256:f96033c335da26ea1716ab9adfce459c211b023ca09528f958fb28bf099fc0df"},
]
fastavro = [
    {file = "fastavro-1.5.4-cp310-cp310-macosx_10_14_x86_64.whl", hash = "sha256:d316cc476b2b24ef06402b8bfa047f8f72a9d6df2de777bb30d9ededda7e3a02"},
    {file = "fastavro-1.5.4-cp310-cp310-manylinux_2_17_aarch64.manylinux2014_aarch64.whl", hash = "sha256:8459faec46e34f2dfeb9b70ee8c36e935e626cff8608d675724718987a5f9ce5"},
    {file = "fastavro-1.5.4-cp310-cp310-manylinux_2_17_x86_64.manylinux2014_x86_64.whl", hash = "sha256:cd44636d7ff8365a57b88707b747371fffb676c8c1f68c0d423ec36623888668"},
    {file = "fastavro-1.5.4-cp310-cp310-win_amd64.whl", hash = "sha256:2402428b26d3c08a58acfa723833e19fb75077872bcb2475a4c81195cdae6a5d"},
    {file = "fastavro-1.5.4-cp37-cp37m-macosx_10_15_x86_64.whl", hash = "sha256:5afc14398f4191d1a807aa59d2fba5ed869b31343679ec43dbc289db0a8e35c5"},
    {file = "fastavro-1.5.4-cp37-cp37m-manylinux_2_17_aarch64.manylinux2014_aarch64.whl", hash = "sha256:5217e9713a3ea03205532394fba4d743749155b04b10b12a12fc26d225b89792"},
    {file = "fastavro-1.5.4-cp37-cp37m-manylinux_2_17_x86_64.manylinux2014_x86_64.whl", hash = "sha256:2e93a5eecb28cc35d670c9c4df70223fa9bcd6d9ca21b38b1b7ae13ece60c7fb"},
    {file = "fastavro-1.5.4-cp37-cp37m-win_amd64.whl", hash = "sha256:1a2f2465efd0e7de557c4034e8d4d88a132750cfa51e1582362a1b3a1a9fa911"},
    {file = "fastavro-1.5.4-cp38-cp38-macosx_10_15_x86_64.whl", hash = "sha256:f7d5bc76c03c692d9acea0e5d5baceec19e1c059b26cb8ae9f4481e842be95a5"},
    {file = "fastavro-1.5.4-cp38-cp38-manylinux_2_17_aarch64.manylinux2014_aarch64.whl", hash = "sha256:80fe920229ab1f40eccb1b4918481cdd8a20e5e7dce19308ab38b23732da8a70"},
    {file = "fastavro-1.5.4-cp38-cp38-manylinux_2_17_x86_64.manylinux2014_x86_64.whl", hash = "sha256:a3d190aee86ab73caa1aa550eba850be2ca5dd29d814b38720f4e300184e01d5"},
    {file = "fastavro-1.5.4-cp38-cp38-win_amd64.whl", hash = "sha256:b6c30299a49b11f42251cb81c8e15db67750642eac7ba5c194a5ee95c83ebb11"},
    {file = "fastavro-1.5.4-cp39-cp39-macosx_10_15_x86_64.whl", hash = "sha256:1f7685f3a3c38352abab432bad2f9f2229a0e5f5f8548831e887c30f8396f2e9"},
    {file = "fastavro-1.5.4-cp39-cp39-manylinux_2_17_aarch64.manylinux2014_aarch64.whl", hash = "sha256:bd021ec850fd30020b7c4fa868466fb7f95450f1f06eac92bd2204cbd8e45fb8"},
    {file = "fastavro-1.5.4-cp39-cp39-manylinux_2_17_x86_64.manylinux2014_x86_64.whl", hash = "sha256:06a7b5602dfa032c92f20ca90b8bde88251573773e501bedf5e8b76b9feb14a3"},
    {file = "fastavro-1.5.4-cp39-cp39-win_amd64.whl", hash = "sha256:18250aa2ab0f7a095b1865565cf9976ea4605c201129636e6defe24ec3ef112c"},
    {file = "fastavro-1.5.4.tar.gz", hash = "sha256:d86f72c966713fb699570a18f7960cf4110b069c70681d7538be8d671c9db7c8"},
]
idna = [
    {file = "idna-3.3-py3-none-any.whl", hash = "sha256:84d9dd047ffa80596e0f246e2eab0b391788b0503584e8945f2368256d2735ff"},
    {file = "idna-3.3.tar.gz", hash = "sha256:9d643ff0a55b762d5cdb124b8eaa99c66322e2157b69160bc32796e824360e6d"},
]
python-dotenv = [
    {file = "python-dotenv-0.20.0.tar.gz", hash = "sha256:b7e3b04a59693c42c36f9ab1cc2acc46fa5df8c78e178fc33a8d4cd05c8d498f"},
    {file = "python_dotenv-0.20.0-py3-none-any.whl", hash = "sha256:d92a187be61fe482e4fd675b6d52200e7be63a12b724abbf931a40ce4fa92938"},
]
requests = [
    {file = "requests-2.28.1-py3-none-any.whl", hash = "sha256:8fefa2a1a1365bf5520aac41836fbee479da67864514bdb821f31ce07ce65349"},
    {file = "requests-2.28.1.tar.gz", hash = "sha256:7c5599b102feddaa661c826c56ab4fee28bfd17f5abca1ebbe3e7f19d7c97983"},
]
urllib3 = [
    {file = "urllib3-1.26.11-py2.py3-none-any.whl", hash = "sha256:c33ccba33c819596124764c23a97d25f32b28433ba0dedeb77d873a38722c9bc"},
    {file = "urllib3-1.26.11.tar.gz", hash = "sha256:ea6e8fb210b19d950fab93b60c9009226c63a28808bc8386e05301e25883ac0a"},
]
